
Microsoft Visual Studio Solution File, Format Version 12.00
# Visual Studio Version 17
VisualStudioVersion = 17.5.002.0
MinimumVisualStudioVersion = 10.0.40219.1
Project("{9A19103F-16F7-4668-BE54-9A1E7A4F7556}") = "Triangulo", "Triangulo.csproj", "{366CC1F7-493E-45AC-B455-BE7B30CEE506}"
EndProject
Global
	GlobalSection(SolutionConfigurationPlatforms) = preSolution
		Debug|Any CPU = Debug|Any CPU
		Release|Any CPU = Release|Any CPU
	EndGlobalSection
	GlobalSection(ProjectConfigurationPlatforms) = postSolution
		{366CC1F7-493E-45AC-B455-BE7B30CEE506}.Debug|Any CPU.ActiveCfg = Debug|Any CPU
		{366CC1F7-493E-45AC-B455-BE7B30CEE506}.Debug|Any CPU.Build.0 = Debug|Any CPU
		{366CC1F7-493E-45AC-B455-BE7B30CEE506}.Release|Any CPU.ActiveCfg = Release|Any CPU
		{366CC1F7-493E-45AC-B455-BE7B30CEE506}.Release|Any CPU.Build.0 = Release|Any CPU
	EndGlobalSection
	GlobalSection(SolutionProperties) = preSolution
		HideSolutionNode = FALSE
	EndGlobalSection
	GlobalSection(ExtensibilityGlobals) = postSolution
		SolutionGuid = {3413E90F-2EA4-4602-AF1B-246C2C7306EE}
	EndGlobalSection
EndGlobal
